{
  "requires": true,
  "lockfileVersion": 1,
  "dependencies": {
    "@uhl7792/react-use-quote-of-the-day": {
      "version": "1.0.0",
      "resolved": "https://registry.npmjs.org/@uhl7792/react-use-quote-of-the-day/-/react-use-quote-of-the-day-1.0.0.tgz",
      "integrity": "sha512-vLzNAwPBruu4SJaRqpOvhLWRiZGfFnYaun0Q5R0bOasA6uvDc8XVF0shrmWa2VKJJhr9GE3UBLxcMWerohSeYg=="
    }
  }
}
